Microsoft Visual Studio Solution File, Format Version 12.00
# Visual Studio 15
VisualStudioVersion = 15.0.26730.12
MinimumVisualStudioVersion = 10.0.40219.1
Project("{2150E333-8FDC-42A3-9474-1A3956D46DE8}") = "Tests", "Tests", "{74E5ECE0-06B4-401C-AEBA-E8DD53E17943}"
EndProject
Project("{2150E333-8FDC-42A3-9474-1A3956D46DE8}") = "Symbols", "Symbols", "{929D5B3B-E29A-40CC-93D8-0FF43A6F9FA1}"
EndProject
Project("{9A19103F-16F7-4668-BE54-9A1E7A4F7556}") = "Mono.Cecil", "Mono.Cecil.csproj", "{D68133BD-1E63-496E-9EDE-4FBDBF77B486}"
EndProject
Project("{9A19103F-16F7-4668-BE54-9A1E7A4F7556}") = "Mono.Cecil.Tests", "Test\Mono.Cecil.Tests.csproj", "{A47B1F49-A81A-43E8-BE6B-DD28AF2C4055}"
EndProject
Project("{9A19103F-16F7-4668-BE54-9A1E7A4F7556}") = "Mono.Cecil.Mdb", "symbols\mdb\Mono.Cecil.Mdb.csproj", "{8559DD7F-A16F-46D0-A05A-9139FAEBA8FD}"
EndProject
Project("{9A19103F-16F7-4668-BE54-9A1E7A4F7556}") = "Mono.Cecil.Mdb.Tests", "symbols\mdb\Test\Mono.Cecil.Mdb.Tests.csproj", "{AC71DF9C-99FA-4A63-990A-66C8010355A6}"
EndProject
Project("{9A19103F-16F7-4668-BE54-9A1E7A4F7556}") = "Mono.Cecil.Pdb", "symbols\pdb\Mono.Cecil.Pdb.csproj", "{63E6915C-7EA4-4D76-AB28-0D7191EEA626}"
EndProject
Project("{9A19103F-16F7-4668-BE54-9A1E7A4F7556}") = "Mono.Cecil.Pdb.Tests", "symbols\pdb\Test\Mono.Cecil.Pdb.Tests.csproj", "{29300103-CB76-4A1D-B6FD-FFD91C1EC8AA}"
EndProject
Project("{9A19103F-16F7-4668-BE54-9A1E7A4F7556}") = "Mono.Cecil.Rocks.Tests", "rocks\Test\Mono.Cecil.Rocks.Tests.csproj", "{C6CFD7E1-B855-44DC-B4CE-9CD72984AF52}"
EndProject
Project("{9A19103F-16F7-4668-BE54-9A1E7A4F7556}") = "Mono.Cecil.Rocks", "rocks\Mono.Cecil.Rocks.csproj", "{FBC6DD59-D09D-499C-B03C-99C1C78FF2AC}"
EndProject
Project("{2150E333-8FDC-42A3-9474-1A3956D46DE8}") = "Solution Items", "Solution Items", "{E0893F44-CB9F-49C5-B38C-70082EFC5072}"
	ProjectSection(SolutionItems) = preProject
		.editorconfig = .editorconfig
	EndProjectSection
EndProject
Global
	GlobalSection(SolutionConfigurationPlatforms) = preSolution
		Debug_ReadOnly|Any CPU = Debug_ReadOnly|Any CPU
		Debug|Any CPU = Debug|Any CPU
		Release_ReadOnly|Any CPU = Release_ReadOnly|Any CPU
		Release|Any CPU = Release|Any CPU
	EndGlobalSection
	GlobalSection(ProjectConfigurationPlatforms) = postSolution
		{D68133BD-1E63-496E-9EDE-4FBDBF77B486}.Debug_ReadOnly|Any CPU.ActiveCfg = Debug_ReadOnly|Any CPU
		{D68133BD-1E63-496E-9EDE-4FBDBF77B486}.Debug_ReadOnly|Any CPU.Build.0 = Debug_ReadOnly|Any CPU
		{D68133BD-1E63-496E-9EDE-4FBDBF77B486}.Debug|Any CPU.ActiveCfg = Debug|Any CPU
		{D68133BD-1E63-496E-9EDE-4FBDBF77B486}.Debug|Any CPU.Build.0 = Debug|Any CPU
		{D68133BD-1E63-496E-9EDE-4FBDBF77B486}.Release_ReadOnly|Any CPU.ActiveCfg = Release_ReadOnly|Any CPU
		{D68133BD-1E63-496E-9EDE-4FBDBF77B486}.Release_ReadOnly|Any CPU.Build.0 = Release_ReadOnly|Any CPU
		{D68133BD-1E63-496E-9EDE-4FBDBF77B486}.Release|Any CPU.ActiveCfg = Release|Any CPU
		{D68133BD-1E63-496E-9EDE-4FBDBF77B486}.Release|Any CPU.Build.0 = Release|Any CPU
		{A47B1F49-A81A-43E8-BE6B-DD28AF2C4055}.Debug_ReadOnly|Any CPU.ActiveCfg = Debug_ReadOnly|Any CPU
		{A47B1F49-A81A-43E8-BE6B-DD28AF2C4055}.Debug_ReadOnly|Any CPU.Build.0 = Debug_ReadOnly|Any CPU
		{A47B1F49-A81A-43E8-BE6B-DD28AF2C4055}.Debug|Any CPU.ActiveCfg = Debug|Any CPU
		{A47B1F49-A81A-43E8-BE6B-DD28AF2C4055}.Debug|Any CPU.Build.0 = Debug|Any CPU
		{A47B1F49-A81A-43E8-BE6B-DD28AF2C4055}.Release_ReadOnly|Any CPU.ActiveCfg = Release_ReadOnly|Any CPU
		{A47B1F49-A81A-43E8-BE6B-DD28AF2C4055}.Release_ReadOnly|Any CPU.Build.0 = Release_ReadOnly|Any CPU
		{A47B1F49-A81A-43E8-BE6B-DD28AF2C4055}.Release|Any CPU.ActiveCfg = Release|Any CPU
		{A47B1F49-A81A-43E8-BE6B-DD28AF2C4055}.Release|Any CPU.Build.0 = Release|Any CPU
		{8559DD7F-A16F-46D0-A05A-9139FAEBA8FD}.Debug_ReadOnly|Any CPU.ActiveCfg = Debug_ReadOnly|Any CPU
		{8559DD7F-A16F-46D0-A05A-9139FAEBA8FD}.Debug_ReadOnly|Any CPU.Build.0 = Debug_ReadOnly|Any CPU
		{8559DD7F-A16F-46D0-A05A-9139FAEBA8FD}.Debug|Any CPU.ActiveCfg = Debug|Any CPU
		{8559DD7F-A16F-46D0-A05A-9139FAEBA8FD}.Debug|Any CPU.Build.0 = Debug|Any CPU
		{8559DD7F-A16F-46D0-A05A-9139FAEBA8FD}.Release_ReadOnly|Any CPU.ActiveCfg = Release_ReadOnly|Any CPU
		{8559DD7F-A16F-46D0-A05A-9139FAEBA8FD}.Release_ReadOnly|Any CPU.Build.0 = Release_ReadOnly|Any CPU
		{8559DD7F-A16F-46D0-A05A-9139FAEBA8FD}.Release|Any CPU.ActiveCfg = Release|Any CPU
		{8559DD7F-A16F-46D0-A05A-9139FAEBA8FD}.Release|Any CPU.Build.0 = Release|Any CPU
		{AC71DF9C-99FA-4A63-990A-66C8010355A6}.Debug_ReadOnly|Any CPU.ActiveCfg = Debug_ReadOnly|Any CPU
		{AC71DF9C-99FA-4A63-990A-66C8010355A6}.Debug_ReadOnly|Any CPU.Build.0 = Debug_ReadOnly|Any CPU
		{AC71DF9C-99FA-4A63-990A-66C8010355A6}.Debug|Any CPU.ActiveCfg = Debug|Any CPU
		{AC71DF9C-99FA-4A63-990A-66C8010355A6}.Debug|Any CPU.Build.0 = Debug|Any CPU
		{AC71DF9C-99FA-4A63-990A-66C8010355A6}.Release_ReadOnly|Any CPU.ActiveCfg = Release_ReadOnly|Any CPU
		{AC71DF9C-99FA-4A63-990A-66C8010355A6}.Release_ReadOnly|Any CPU.Build.0 = Release_ReadOnly|Any CPU
		{AC71DF9C-99FA-4A63-990A-66C8010355A6}.Release|Any CPU.ActiveCfg = Release|Any CPU
		{AC71DF9C-99FA-4A63-990A-66C8010355A6}.Release|Any CPU.Build.0 = Release|Any CPU
		{63E6915C-7EA4-4D76-AB28-0D7191EEA626}.Debug_ReadOnly|Any CPU.ActiveCfg = Debug_ReadOnly|Any CPU
		{63E6915C-7EA4-4D76-AB28-0D7191EEA626}.Debug_ReadOnly|Any CPU.Build.0 = Debug_ReadOnly|Any CPU
		{63E6915C-7EA4-4D76-AB28-0D7191EEA626}.Debug|Any CPU.ActiveCfg = Debug|Any CPU
		{63E6915C-7EA4-4D76-AB28-0D7191EEA626}.Debug|Any CPU.Build.0 = Debug|Any CPU
		{63E6915C-7EA4-4D76-AB28-0D7191EEA626}.Release_ReadOnly|Any CPU.ActiveCfg = Release_ReadOnly|Any CPU
		{63E6915C-7EA4-4D76-AB28-0D7191EEA626}.Release_ReadOnly|Any CPU.Build.0 = Release_ReadOnly|Any CPU
		{63E6915C-7EA4-4D76-AB28-0D7191EEA626}.Release|Any CPU.ActiveCfg = Release|Any CPU
		{63E6915C-7EA4-4D76-AB28-0D7191EEA626}.Release|Any CPU.Build.0 = Release|Any CPU
		{29300103-CB76-4A1D-B6FD-FFD91C1EC8AA}.Debug_ReadOnly|Any CPU.ActiveCfg = Debug_ReadOnly|Any CPU
		{29300103-CB76-4A1D-B6FD-FFD91C1EC8AA}.Debug_ReadOnly|Any CPU.Build.0 = Debug_ReadOnly|Any CPU
		{29300103-CB76-4A1D-B6FD-FFD91C1EC8AA}.Debug|Any CPU.ActiveCfg = Debug|Any CPU
		{29300103-CB76-4A1D-B6FD-FFD91C1EC8AA}.Debug|Any CPU.Build.0 = Debug|Any CPU
		{29300103-CB76-4A1D-B6FD-FFD91C1EC8AA}.Release_ReadOnly|Any CPU.ActiveCfg = Release_ReadOnly|Any CPU
		{29300103-CB76-4A1D-B6FD-FFD91C1EC8AA}.Release_ReadOnly|Any CPU.Build.0 = Release_ReadOnly|Any CPU
		{29300103-CB76-4A1D-B6FD-FFD91C1EC8AA}.Release|Any CPU.ActiveCfg = Release|Any CPU
		{29300103-CB76-4A1D-B6FD-FFD91C1EC8AA}.Release|Any CPU.Build.0 = Release|Any CPU
		{C6CFD7E1-B855-44DC-B4CE-9CD72984AF52}.Debug_ReadOnly|Any CPU.ActiveCfg = Debug_ReadOnly|Any CPU
		{C6CFD7E1-B855-44DC-B4CE-9CD72984AF52}.Debug_ReadOnly|Any CPU.Build.0 = Debug_ReadOnly|Any CPU
		{C6CFD7E1-B855-44DC-B4CE-9CD72984AF52}.Debug|Any CPU.ActiveCfg = Debug|Any CPU
		{C6CFD7E1-B855-44DC-B4CE-9CD72984AF52}.Debug|Any CPU.Build.0 = Debug|Any CPU
		{C6CFD7E1-B855-44DC-B4CE-9CD72984AF52}.Release_ReadOnly|Any CPU.ActiveCfg = Release_ReadOnly|Any CPU
		{C6CFD7E1-B855-44DC-B4CE-9CD72984AF52}.Release_ReadOnly|Any CPU.Build.0 = Release_ReadOnly|Any CPU
		{C6CFD7E1-B855-44DC-B4CE-9CD72984AF52}.Release|Any CPU.ActiveCfg = Release|Any CPU
		{C6CFD7E1-B855-44DC-B4CE-9CD72984AF52}.Release|Any CPU.Build.0 = Release|Any CPU
		{FBC6DD59-D09D-499C-B03C-99C1C78FF2AC}.Debug_ReadOnly|Any CPU.ActiveCfg = Debug_ReadOnly|Any CPU
		{FBC6DD59-D09D-499C-B03C-99C1C78FF2AC}.Debug_ReadOnly|Any CPU.Build.0 = Debug_ReadOnly|Any CPU
		{FBC6DD59-D09D-499C-B03C-99C1C78FF2AC}.Debug|Any CPU.ActiveCfg = Debug|Any CPU
		{FBC6DD59-D09D-499C-B03C-99C1C78FF2AC}.Debug|Any CPU.Build.0 = Debug|Any CPU
		{FBC6DD59-D09D-499C-B03C-99C1C78FF2AC}.Release_ReadOnly|Any CPU.ActiveCfg = Release_ReadOnly|Any CPU
		{FBC6DD59-D09D-499C-B03C-99C1C78FF2AC}.Release_ReadOnly|Any CPU.Build.0 = Release_ReadOnly|Any CPU
		{FBC6DD59-D09D-499C-B03C-99C1C78FF2AC}.Release|Any CPU.ActiveCfg = Release|Any CPU
		{FBC6DD59-D09D-499C-B03C-99C1C78FF2AC}.Release|Any CPU.Build.0 = Release|Any CPU
	EndGlobalSection
	GlobalSection(SolutionProperties) = preSolution
		HideSolutionNode = FALSE
	EndGlobalSection
	GlobalSection(NestedProjects) = preSolution
		{A47B1F49-A81A-43E8-BE6B-DD28AF2C4055} = {74E5ECE0-06B4-401C-AEBA-E8DD53E17943}
		{8559DD7F-A16F-46D0-A05A-9139FAEBA8FD} = {929D5B3B-E29A-40CC-93D8-0FF43A6F9FA1}
		{AC71DF9C-99FA-4A63-990A-66C8010355A6} = {74E5ECE0-06B4-401C-AEBA-E8DD53E17943}
		{63E6915C-7EA4-4D76-AB28-0D7191EEA626} = {929D5B3B-E29A-40CC-93D8-0FF43A6F9FA1}
		{29300103-CB76-4A1D-B6FD-FFD91C1EC8AA} = {74E5ECE0-06B4-401C-AEBA-E8DD53E17943}
		{C6CFD7E1-B855-44DC-B4CE-9CD72984AF52} = {74E5ECE0-06B4-401C-AEBA-E8DD53E17943}
	EndGlobalSection
	GlobalSection(ExtensibilityGlobals) = postSolution
		SolutionGuid = {D0E6CCB5-A2FD-4DF3-91A5-269ACCFC17CC}
	EndGlobalSection
EndGlobal
